
Microsoft Visual Studio Solution File, Format Version 12.00
# Visual Studio Version 17
VisualStudioVersion = 17.3.32825.248
MinimumVisualStudioVersion = 10.0.40219.1
Project("{9A19103F-16F7-4668-BE54-9A1E7A4F7556}") = "NETLesson03_01", "NETLesson03_01\NETLesson03_01.csproj", "{52889E1B-3A52-47AC-933D-C2326D26D0D9}"
EndProject
Project("{9A19103F-16F7-4668-BE54-9A1E7A4F7556}") = "NETLesson03_02", "NETLesson03_02\NETLesson03_02.csproj", "{17B4C893-9E7D-4783-8F1A-7CC05D18F9E4}"
EndProject
Project("{9A19103F-16F7-4668-BE54-9A1E7A4F7556}") = "NETLesson03_03", "NETLesson03_03\NETLesson03_03.csproj", "{DAEFC8EC-23A9-4D90-B515-A4802F080E37}"
EndProject
Project("{9A19103F-16F7-4668-BE54-9A1E7A4F7556}") = "NETLesson03_04", "NETLesson03_04\NETLesson03_04.csproj", "{0A9E5A55-DC94-434D-9E2D-C5211755050A}"
EndProject
Project("{9A19103F-16F7-4668-BE54-9A1E7A4F7556}") = "NETLesson03_05", "NETLesson03_05\NETLesson03_05.csproj", "{1A973C7E-EF6D-401D-A817-EF8518EC8AE8}"
EndProject
Project("{9A19103F-16F7-4668-BE54-9A1E7A4F7556}") = "NETLesson03_06", "NETLesson03_06\NETLesson03_06.csproj", "{1B6C9E68-D968-4013-B050-64EAB387988A}"
EndProject
Project("{9A19103F-16F7-4668-BE54-9A1E7A4F7556}") = "NETLesson03_07", "NETLesson03_07\NETLesson03_07.csproj", "{6B49BF28-0E58-4E74-AA32-CD3C321BDBF7}"
EndProject
Project("{9A19103F-16F7-4668-BE54-9A1E7A4F7556}") = "NETLesson03_08", "NETLesson03_08\NETLesson03_08.csproj", "{FC47FE53-07DE-4140-9B12-DF1A6E69ABF7}"
EndProject
Project("{9A19103F-16F7-4668-BE54-9A1E7A4F7556}") = "NETLesson03_09", "NETLesson03_09\NETLesson03_09.csproj", "{99626A4E-772B-4162-94CD-4F922214EA44}"
EndProject
Project("{9A19103F-16F7-4668-BE54-9A1E7A4F7556}") = "NETLesson03_10", "NETLesson03_10\NETLesson03_10.csproj", "{A08D8F53-7F6A-4111-8F79-83F53EC3D1E9}"
EndProject
Project("{FAE04EC0-301F-11D3-BF4B-00C04F79EFBC}") = "NETLesson03_11", "NETLesson03_11\NETLesson03_11.csproj", "{FF054E8D-41B0-4D95-8317-1999F9529987}"
EndProject
Global
	GlobalSection(SolutionConfigurationPlatforms) = preSolution
		Debug|Any CPU = Debug|Any CPU
		Release|Any CPU = Release|Any CPU
	EndGlobalSection
	GlobalSection(ProjectConfigurationPlatforms) = postSolution
		{52889E1B-3A52-47AC-933D-C2326D26D0D9}.Debug|Any CPU.ActiveCfg = Debug|Any CPU
		{52889E1B-3A52-47AC-933D-C2326D26D0D9}.Debug|Any CPU.Build.0 = Debug|Any CPU
		{52889E1B-3A52-47AC-933D-C2326D26D0D9}.Release|Any CPU.ActiveCfg = Release|Any CPU
		{52889E1B-3A52-47AC-933D-C2326D26D0D9}.Release|Any CPU.Build.0 = Release|Any CPU
		{17B4C893-9E7D-4783-8F1A-7CC05D18F9E4}.Debug|Any CPU.ActiveCfg = Debug|Any CPU
		{17B4C893-9E7D-4783-8F1A-7CC05D18F9E4}.Debug|Any CPU.Build.0 = Debug|Any CPU
		{17B4C893-9E7D-4783-8F1A-7CC05D18F9E4}.Release|Any CPU.ActiveCfg = Release|Any CPU
		{17B4C893-9E7D-4783-8F1A-7CC05D18F9E4}.Release|Any CPU.Build.0 = Release|Any CPU
		{DAEFC8EC-23A9-4D90-B515-A4802F080E37}.Debug|Any CPU.ActiveCfg = Debug|Any CPU
		{DAEFC8EC-23A9-4D90-B515-A4802F080E37}.Debug|Any CPU.Build.0 = Debug|Any CPU
		{DAEFC8EC-23A9-4D90-B515-A4802F080E37}.Release|Any CPU.ActiveCfg = Release|Any CPU
		{DAEFC8EC-23A9-4D90-B515-A4802F080E37}.Release|Any CPU.Build.0 = Release|Any CPU
		{0A9E5A55-DC94-434D-9E2D-C5211755050A}.Debug|Any CPU.ActiveCfg = Debug|Any CPU
		{0A9E5A55-DC94-434D-9E2D-C5211755050A}.Debug|Any CPU.Build.0 = Debug|Any CPU
		{0A9E5A55-DC94-434D-9E2D-C5211755050A}.Release|Any CPU.ActiveCfg = Release|Any CPU
		{0A9E5A55-DC94-434D-9E2D-C5211755050A}.Release|Any CPU.Build.0 = Release|Any CPU
		{1A973C7E-EF6D-401D-A817-EF8518EC8AE8}.Debug|Any CPU.ActiveCfg = Debug|Any CPU
		{1A973C7E-EF6D-401D-A817-EF8518EC8AE8}.Debug|Any CPU.Build.0 = Debug|Any CPU
		{1A973C7E-EF6D-401D-A817-EF8518EC8AE8}.Release|Any CPU.ActiveCfg = Release|Any CPU
		{1A973C7E-EF6D-401D-A817-EF8518EC8AE8}.Release|Any CPU.Build.0 = Release|Any CPU
		{1B6C9E68-D968-4013-B050-64EAB387988A}.Debug|Any CPU.ActiveCfg = Debug|Any CPU
		{1B6C9E68-D968-4013-B050-64EAB387988A}.Debug|Any CPU.Build.0 = Debug|Any CPU
		{1B6C9E68-D968-4013-B050-64EAB387988A}.Release|Any CPU.ActiveCfg = Release|Any CPU
		{1B6C9E68-D968-4013-B050-64EAB387988A}.Release|Any CPU.Build.0 = Release|Any CPU
		{6B49BF28-0E58-4E74-AA32-CD3C321BDBF7}.Debug|Any CPU.ActiveCfg = Debug|Any CPU
		{6B49BF28-0E58-4E74-AA32-CD3C321BDBF7}.Debug|Any CPU.Build.0 = Debug|Any CPU
		{6B49BF28-0E58-4E74-AA32-CD3C321BDBF7}.Release|Any CPU.ActiveCfg = Release|Any CPU
		{6B49BF28-0E58-4E74-AA32-CD3C321BDBF7}.Release|Any CPU.Build.0 = Release|Any CPU
		{FC47FE53-07DE-4140-9B12-DF1A6E69ABF7}.Debug|Any CPU.ActiveCfg = Debug|Any CPU
		{FC47FE53-07DE-4140-9B12-DF1A6E69ABF7}.Debug|Any CPU.Build.0 = Debug|Any CPU
		{FC47FE53-07DE-4140-9B12-DF1A6E69ABF7}.Release|Any CPU.ActiveCfg = Release|Any CPU
		{FC47FE53-07DE-4140-9B12-DF1A6E69ABF7}.Release|Any CPU.Build.0 = Release|Any CPU
		{99626A4E-772B-4162-94CD-4F922214EA44}.Debug|Any CPU.ActiveCfg = Debug|Any CPU
		{99626A4E-772B-4162-94CD-4F922214EA44}.Debug|Any CPU.Build.0 = Debug|Any CPU
		{99626A4E-772B-4162-94CD-4F922214EA44}.Release|Any CPU.ActiveCfg = Release|Any CPU
		{99626A4E-772B-4162-94CD-4F922214EA44}.Release|Any CPU.Build.0 = Release|Any CPU
		{A08D8F53-7F6A-4111-8F79-83F53EC3D1E9}.Debug|Any CPU.ActiveCfg = Debug|Any CPU
		{A08D8F53-7F6A-4111-8F79-83F53EC3D1E9}.Debug|Any CPU.Build.0 = Debug|Any CPU
		{A08D8F53-7F6A-4111-8F79-83F53EC3D1E9}.Release|Any CPU.ActiveCfg = Release|Any CPU
		{A08D8F53-7F6A-4111-8F79-83F53EC3D1E9}.Release|Any CPU.Build.0 = Release|Any CPU
		{FF054E8D-41B0-4D95-8317-1999F9529987}.Debug|Any CPU.ActiveCfg = Debug|Any CPU
		{FF054E8D-41B0-4D95-8317-1999F9529987}.Debug|Any CPU.Build.0 = Debug|Any CPU
		{FF054E8D-41B0-4D95-8317-1999F9529987}.Release|Any CPU.ActiveCfg = Release|Any CPU
		{FF054E8D-41B0-4D95-8317-1999F9529987}.Release|Any CPU.Build.0 = Release|Any CPU
	EndGlobalSection
	GlobalSection(SolutionProperties) = preSolution
		HideSolutionNode = FALSE
	EndGlobalSection
	GlobalSection(ExtensibilityGlobals) = postSolution
		SolutionGuid = {1CCD7137-333E-4179-AF4B-6C697D295952}
	EndGlobalSection
EndGlobal
